
Microsoft Visual Studio Solution File, Format Version 12.00
# Visual Studio 15
VisualStudioVersion = 15.0.26124.0
MinimumVisualStudioVersion = 15.0.26124.0
Project("{FAE04EC0-301F-11D3-BF4B-00C04F79EFBC}") = "CacheTraining.Logic", "CacheTraining.Logic\CacheTraining.Logic.csproj", "{632E8ABE-A7E5-4F57-A357-9ECF91E75B18}"
EndProject
Project("{FAE04EC0-301F-11D3-BF4B-00C04F79EFBC}") = "CacheTraining.Test", "CacheTraining.Test\CacheTraining.Test.csproj", "{2DDBD3A0-4BA7-4019-AD3A-01C7DE43716D}"
EndProject
Global
	GlobalSection(SolutionConfigurationPlatforms) = preSolution
		Debug|Any CPU = Debug|Any CPU
		Debug|x64 = Debug|x64
		Debug|x86 = Debug|x86
		Release|Any CPU = Release|Any CPU
		Release|x64 = Release|x64
		Release|x86 = Release|x86
	EndGlobalSection
	GlobalSection(SolutionProperties) = preSolution
		HideSolutionNode = FALSE
	EndGlobalSection
	GlobalSection(ProjectConfigurationPlatforms) = postSolution
		{632E8ABE-A7E5-4F57-A357-9ECF91E75B18}.Debug|Any CPU.ActiveCfg = Debug|Any CPU
		{632E8ABE-A7E5-4F57-A357-9ECF91E75B18}.Debug|Any CPU.Build.0 = Debug|Any CPU
		{632E8ABE-A7E5-4F57-A357-9ECF91E75B18}.Debug|x64.ActiveCfg = Debug|Any CPU
		{632E8ABE-A7E5-4F57-A357-9ECF91E75B18}.Debug|x64.Build.0 = Debug|Any CPU
		{632E8ABE-A7E5-4F57-A357-9ECF91E75B18}.Debug|x86.ActiveCfg = Debug|Any CPU
		{632E8ABE-A7E5-4F57-A357-9ECF91E75B18}.Debug|x86.Build.0 = Debug|Any CPU
		{632E8ABE-A7E5-4F57-A357-9ECF91E75B18}.Release|Any CPU.ActiveCfg = Release|Any CPU
		{632E8ABE-A7E5-4F57-A357-9ECF91E75B18}.Release|Any CPU.Build.0 = Release|Any CPU
		{632E8ABE-A7E5-4F57-A357-9ECF91E75B18}.Release|x64.ActiveCfg = Release|Any CPU
		{632E8ABE-A7E5-4F57-A357-9ECF91E75B18}.Release|x64.Build.0 = Release|Any CPU
		{632E8ABE-A7E5-4F57-A357-9ECF91E75B18}.Release|x86.ActiveCfg = Release|Any CPU
		{632E8ABE-A7E5-4F57-A357-9ECF91E75B18}.Release|x86.Build.0 = Release|Any CPU
		{2DDBD3A0-4BA7-4019-AD3A-01C7DE43716D}.Debug|Any CPU.ActiveCfg = Debug|Any CPU
		{2DDBD3A0-4BA7-4019-AD3A-01C7DE43716D}.Debug|Any CPU.Build.0 = Debug|Any CPU
		{2DDBD3A0-4BA7-4019-AD3A-01C7DE43716D}.Debug|x64.ActiveCfg = Debug|Any CPU
		{2DDBD3A0-4BA7-4019-AD3A-01C7DE43716D}.Debug|x64.Build.0 = Debug|Any CPU
		{2DDBD3A0-4BA7-4019-AD3A-01C7DE43716D}.Debug|x86.ActiveCfg = Debug|Any CPU
		{2DDBD3A0-4BA7-4019-AD3A-01C7DE43716D}.Debug|x86.Build.0 = Debug|Any CPU
		{2DDBD3A0-4BA7-4019-AD3A-01C7DE43716D}.Release|Any CPU.ActiveCfg = Release|Any CPU
		{2DDBD3A0-4BA7-4019-AD3A-01C7DE43716D}.Release|Any CPU.Build.0 = Release|Any CPU
		{2DDBD3A0-4BA7-4019-AD3A-01C7DE43716D}.Release|x64.ActiveCfg = Release|Any CPU
		{2DDBD3A0-4BA7-4019-AD3A-01C7DE43716D}.Release|x64.Build.0 = Release|Any CPU
		{2DDBD3A0-4BA7-4019-AD3A-01C7DE43716D}.Release|x86.ActiveCfg = Release|Any CPU
		{2DDBD3A0-4BA7-4019-AD3A-01C7DE43716D}.Release|x86.Build.0 = Release|Any CPU
	EndGlobalSection
EndGlobal
